
Microsoft Visual Studio Solution File, Format Version 12.00
# Visual Studio Version 17
VisualStudioVersion = 17.8.34511.84
MinimumVisualStudioVersion = 10.0.40219.1
Project("{2150E333-8FDC-42A3-9474-1A3956D46DE8}") = "Services", "Services", "{51942F12-EE7D-4F28-B37F-3C742FC9B3B6}"
EndProject
Project("{2150E333-8FDC-42A3-9474-1A3956D46DE8}") = "Catalog", "Catalog", "{2A12145B-1E04-433A-9C58-73E031454688}"
EndProject
Project("{FAE04EC0-301F-11D3-BF4B-00C04F79EFBC}") = "Catalog.API", "Services\Catalog\Catalog.API\Catalog.API.csproj", "{DF29B064-8BDF-402C-B7F6-592DBF96144A}"
EndProject
Global
	GlobalSection(SolutionConfigurationPlatforms) = preSolution
		Debug|Any CPU = Debug|Any CPU
		Release|Any CPU = Release|Any CPU
	EndGlobalSection
	GlobalSection(ProjectConfigurationPlatforms) = postSolution
		{DF29B064-8BDF-402C-B7F6-592DBF96144A}.Debug|Any CPU.ActiveCfg = Debug|Any CPU
		{DF29B064-8BDF-402C-B7F6-592DBF96144A}.Debug|Any CPU.Build.0 = Debug|Any CPU
		{DF29B064-8BDF-402C-B7F6-592DBF96144A}.Release|Any CPU.ActiveCfg = Release|Any CPU
		{DF29B064-8BDF-402C-B7F6-592DBF96144A}.Release|Any CPU.Build.0 = Release|Any CPU
	EndGlobalSection
	GlobalSection(SolutionProperties) = preSolution
		HideSolutionNode = FALSE
	EndGlobalSection
	GlobalSection(NestedProjects) = preSolution
		{2A12145B-1E04-433A-9C58-73E031454688} = {51942F12-EE7D-4F28-B37F-3C742FC9B3B6}
		{DF29B064-8BDF-402C-B7F6-592DBF96144A} = {2A12145B-1E04-433A-9C58-73E031454688}
	EndGlobalSection
	GlobalSection(ExtensibilityGlobals) = postSolution
		SolutionGuid = {CE907F05-1C0E-46BF-A7DA-02851BDC0038}
	EndGlobalSection
EndGlobal
